{
    "version": 3,
    "terraform_version": "0.10.7",
    "serial": 3,
    "lineage": "148e02fc-020c-4317-a284-eca66098bdee",
    "modules": [
        {
            "path": [
                "root"
            ],
            "outputs": {},
            "resources": {
                "softlayer_ssh_key.public_key": {
                    "type": "softlayer_ssh_key",
                    "depends_on": [],
                    "primary": {
                        "id": "1020479",
                        "attributes": {
                            "fingerprint": "8d:6a:29:11:21:e3:7b:39:5a:26:49:a7:90:95:80:5d",
                            "id": "1020479",
                            "label": "patro-key",
                            "notes": "Eduardo's key",
                            "public_key": "ssh-rsa AAAAB3NzaC1yc2EAAAADAQABAAABAQDUZQmYg+pJfCjrXvlBIdwK4p7j9bEhrNqTyvF0HqrB2qQqeEo9emVQXZYb7/IRQW0Di2jME+9/e4Oak+uMw4K9yTl+TWBVTuHsOSY2g/TOo2Y5PEt+TWaXEZ7ruHgJ8fV3aRGDIpn8Xa91whFNq0/vrFhYqI4pGJ5AGi9/eDrYKBJAPrLNt/wrpGwxGFnmIjGBsH2edtTyEUb56M2Y27RnGSRNZaiZGZeJz1G2sy0mqBvC0yfgIt+P6ZIr0DFHIN8ZIxj9RxAg6HAjqmckloQSjXYyWXqP+cTrDfcQIDSRwPnLRb7ZcC7Kn3fcFsXVUKBlZnf0ZNP13rpTAs0vvfWh edu@Eduardos-MacBook-Pro.local"
                        },
                        "meta": {},
                        "tainted": false
                    },
                    "deposed": [],
                    "provider": ""
                },
                "softlayer_virtual_guest.windows": {
                    "type": "softlayer_virtual_guest",
                    "depends_on": [
                        "softlayer_ssh_key.public_key"
                    ],
                    "primary": {
                        "id": "44297331",
                        "attributes": {
                            "cores": "1",
                            "datacenter": "wdc04",
                            "dedicated_acct_host_only": "false",
                            "disks.#": "1",
                            "disks.0": "100",
                            "domain": "windows.patro",
                            "hostname": "windows",
                            "hourly_billing": "true",
                            "id": "44297331",
                            "ip_address_id": "59234423",
                            "ip_address_id_private": "59234523",
                            "ipv4_address": "169.55.86.202",
                            "ipv4_address_private": "10.148.77.44",
                            "ipv6_enabled": "false",
                            "local_disk": "false",
                            "memory": "2048",
                            "network_speed": "1000",
                            "notes": "",
                            "os_reference_code": "WIN_2016-STD_64",
                            "private_network_only": "false",
                            "private_subnet": "10.148.77.32/28",
                            "private_vlan_id": "1326665",
                            "public_subnet": "169.55.86.192/28",
                            "public_vlan_id": "1326661",
                            "secondary_ip_addresses.#": "0",
                            "ssh_key_ids.#": "1",
                            "ssh_key_ids.0": "1020479",
                            "user_metadata": "{\"value\":\"newvalue\"}",
                            "wait_time_minutes": "90"
                        },
                        "meta": {},
                        "tainted": false
                    },
                    "deposed": [],
                    "provider": ""
                },
                "tls_private_key.ssh": {
                    "type": "tls_private_key",
                    "depends_on": [],
                    "primary": {
                        "id": "71775988a3990f080020e0da26018323b4d3534e",
                        "attributes": {
                            "algorithm": "RSA",
                            "ecdsa_curve": "P224",
                            "id": "71775988a3990f080020e0da26018323b4d3534e",
                            "private_key_pem": "-----BEGIN RSA PRIVATE KEY-----\nMIIEpAIBAAKCAQEAx+ke8AlP68qIB2k2D1vEbxxWW/Tc0ZkGH99LLIdu17Qt1eX5\nHMhyWHgI3fm49UlOhmFf6mnjBBgsZld8TAwdtQAYDSq1nlF4+vkORscYqoixAnIB\nimJvn3u4X6WJXIvMUghVdKZp7TCUFP+SOTLs84/eeD/24yw5Z8TUNWqZCyA1lfH8\nYowksQg7rdgJeuCLi5tvzhz8wx9FAkdO+FGfKKFg0RKK9Z4q4A4BkKHvnbvaG3rO\nARFMxCQpBi1EQ0Xp+EqNeWs+iI/hnT2MP1Wzul8wBXb67ycRhML9LrzQrnZRdxqF\nCyXv6kXGjZxIXvLcjHS2U0mEvIE5tX2MaKzX4wIDAQABAoIBAC+nDC7fqWNlZcOO\nespyb4Kk2JkW50Q3G9ShH4Q/zFYypvJj3VvVFByukD6JdmNR1BwIPhrcnratJHhI\nxmJCSRqKKTGKSrywYwxALf0FHIYaC0ev8VoRWNZFYY+7H+ElmdC8F9K0kG9vsvzG\nZw6nawAr/TXg2XMRaaWor4UEIfMakDzZqUTZgRNp9WPFeLC7UW8WAUDex0mvvKP2\nWcXL3mqx4xp1FqbSvn614hqa7GCvFZJ2LKgZIoeIxADYlOOBR/9SJ0loaepH4Xav\n8L8rzUXGFZluN6etqvaWhGHPMmFPSygL3+R1Z/qpS53fbfZty6ddB4pNoZDo37w5\n51+5ZSECgYEA9KZQGGe+QEFL47jylDblKc3gBXAnhDDWHWv9m/Ne2GNtZnpfcNg+\nCVA2Mxvchs4IwJHnyA1XQoRda6M8PPYr04vA1LfBnKhxWrIrxDhVATG6BdW+n/Zo\nnqFaCjQsqcdkQLf/wAuEu+ipkjY/f3wlTzJ/jBh142RvO2r1JUC+5fkCgYEA0S9y\nEiZ6z4tQkYuk2jUBBCn2RcbNpcrWX6s25CVFCVNfeQFzVnyHeK9VOGhM0RKiLxw+\nUO9nZ9/TItRMV5BifoFY4Mf1z5WPoqLP2Uf8MzZszaPG46zIwx2XxIhA1ccnXG7j\nlCBqXVVkpcECdiIYFFzMP3IZA/xcUJolwkZMc7sCgYEAkgcLW+Xgi13uPFjSgmFZ\n2+AEzXoqPB8iTqF82S8k96gxTq/Qc/y+2rREBbGlqdklJDxyytgbs5pqYKsoc4LE\nmhqa2N1t9WIddvNOaGrvYi0aSg1RIQ3lWHoa0mheGGDpmC+7uhel/LtdK+axdBjX\n9DPCKg8Xnsj+E8s91CSXTZECgYBb06kOgKfOrchba+KdC0F783OxY7jou6bpbj51\nXkr08g1qEBHyeE3703PkhBycdsKNTaepXb6V4bJMisdMdQxXni5G1mB4lJ3t9eyp\n5Ci4zn5qsyde0H188WOrGWjkrzz/HYp3ftdSS2cYQCb1drf9UFM00sBaeJCJrXE/\n3B45ewKBgQC4xeAzz+Eyfmd4efxyg2Jhfi9F1pPGhA/lHUkNoCmToMGReV/x3BUp\nSYgxJ5smVnXqUzGzPuMGyfwpP2KleDUdVnpJ+R8Nn6sG9NlQmiqLa8ozWg0ki89l\neQFQnG8db6gCrgjKCKof6EGkrwa+fl1kBf2FitEWvEJINP9pkwAlug==\n-----END RSA PRIVATE KEY-----\n",
                            "public_key_openssh": "ssh-rsa AAAAB3NzaC1yc2EAAAADAQABAAABAQDH6R7wCU/ryogHaTYPW8RvHFZb9NzRmQYf30ssh27XtC3V5fkcyHJYeAjd+bj1SU6GYV/qaeMEGCxmV3xMDB21ABgNKrWeUXj6+Q5GxxiqiLECcgGKYm+fe7hfpYlci8xSCFV0pmntMJQU/5I5Muzzj954P/bjLDlnxNQ1apkLIDWV8fxijCSxCDut2Al64IuLm2/OHPzDH0UCR074UZ8ooWDREor1nirgDgGQoe+du9obes4BEUzEJCkGLURDRen4So15az6Ij+GdPYw/VbO6XzAFdvrvJxGEwv0uvNCudlF3GoULJe/qRcaNnEhe8tyMdLZTSYS8gTm1fYxorNfj\n",
                            "public_key_pem": "-----BEGIN PUBLIC KEY-----\nMIIBIjANBgkqhkiG9w0BAQEFAAOCAQ8AMIIBCgKCAQEAx+ke8AlP68qIB2k2D1vE\nbxxWW/Tc0ZkGH99LLIdu17Qt1eX5HMhyWHgI3fm49UlOhmFf6mnjBBgsZld8TAwd\ntQAYDSq1nlF4+vkORscYqoixAnIBimJvn3u4X6WJXIvMUghVdKZp7TCUFP+SOTLs\n84/eeD/24yw5Z8TUNWqZCyA1lfH8YowksQg7rdgJeuCLi5tvzhz8wx9FAkdO+FGf\nKKFg0RKK9Z4q4A4BkKHvnbvaG3rOARFMxCQpBi1EQ0Xp+EqNeWs+iI/hnT2MP1Wz\nul8wBXb67ycRhML9LrzQrnZRdxqFCyXv6kXGjZxIXvLcjHS2U0mEvIE5tX2MaKzX\n4wIDAQAB\n-----END PUBLIC KEY-----\n",
                            "rsa_bits": "2048"
                        },
                        "meta": {},
                        "tainted": false
                    },
                    "deposed": [],
                    "provider": ""
                }
            },
            "depends_on": []
        }
    ]
}
